// !$*UTF8*$!
{
	archiveVersion = 1;
	classes = {
	};
	objectVersion = 50;
	objects = {

/* Begin PBXBuildFile section */
		9E511EBC25CC4632002312DF /* Pin+Extension.swift in Sources */ = {isa = PBXBuildFile; fileRef = 9E511EBB25CC4632002312DF /* Pin+Extension.swift */; };
		9E511EC025CC61F6002312DF /* FlickrPhotoCollectionViewCell.swift in Sources */ = {isa = PBXBuildFile; fileRef = 9E511EBF25CC61F6002312DF /* FlickrPhotoCollectionViewCell.swift */; };
		9EE12D7725C83A9E005E0F16 /* AppDelegate.swift in Sources */ = {isa = PBXBuildFile; fileRef = 9EE12D7625C83A9E005E0F16 /* AppDelegate.swift */; };
		9EE12D7B25C83A9E005E0F16 /* TravelLocationsMapViewController.swift in Sources */ = {isa = PBXBuildFile; fileRef = 9EE12D7A25C83A9E005E0F16 /* TravelLocationsMapViewController.swift */; };
		9EE12D7E25C83A9E005E0F16 /* Main.storyboard in Resources */ = {isa = PBXBuildFile; fileRef = 9EE12D7C25C83A9E005E0F16 /* Main.storyboard */; };
		9EE12D8125C83A9E005E0F16 /* VirtualTourist.xcdatamodeld in Sources */ = {isa = PBXBuildFile; fileRef = 9EE12D7F25C83A9E005E0F16 /* VirtualTourist.xcdatamodeld */; };
		9EE12D8325C83AA1005E0F16 /* Assets.xcassets in Resources */ = {isa = PBXBuildFile; fileRef = 9EE12D8225C83AA1005E0F16 /* Assets.xcassets */; };
		9EE12D8625C83AA1005E0F16 /* LaunchScreen.storyboard in Resources */ = {isa = PBXBuildFile; fileRef = 9EE12D8425C83AA1005E0F16 /* LaunchScreen.storyboard */; };
		9EE12D9425C840CB005E0F16 /* PhotoAlbumViewController.swift in Sources */ = {isa = PBXBuildFile; fileRef = 9EE12D9325C840CB005E0F16 /* PhotoAlbumViewController.swift */; };
		9EE12D9D25C84FCE005E0F16 /* DataController.swift in Sources */ = {isa = PBXBuildFile; fileRef = 9EE12D9C25C84FCE005E0F16 /* DataController.swift */; };
		9EE12DAC25C85C24005E0F16 /* FlickrClient.swift in Sources */ = {isa = PBXBuildFile; fileRef = 9EE12DAB25C85C24005E0F16 /* FlickrClient.swift */; };
		9EFAF48025C95145000B5577 /* FlickrErrorResponse.swift in Sources */ = {isa = PBXBuildFile; fileRef = 9EFAF47F25C95145000B5577 /* FlickrErrorResponse.swift */; };
		9EFAF48725C95194000B5577 /* PhotoSearchResponse.swift in Sources */ = {isa = PBXBuildFile; fileRef = 9EFAF48625C95194000B5577 /* PhotoSearchResponse.swift */; };
		9EFAF48A25C9AE83000B5577 /* ParameterRequest.swift in Sources */ = {isa = PBXBuildFile; fileRef = 9EFAF48925C9AE83000B5577 /* ParameterRequest.swift */; };
/* End PBXBuildFile section */

/* Begin PBXFileReference section */
		9E511EBB25CC4632002312DF /* Pin+Extension.swift */ = {isa = PBXFileReference; lastKnownFileType = sourcecode.swift; path = "Pin+Extension.swift"; sourceTree = "<group>"; };
		9E511EBF25CC61F6002312DF /* FlickrPhotoCollectionViewCell.swift */ = {isa = PBXFileReference; lastKnownFileType = sourcecode.swift; path = FlickrPhotoCollectionViewCell.swift; sourceTree = "<group>"; };
		9EE12D7325C83A9E005E0F16 /* VirtualTourist.app */ = {isa = PBXFileReference; explicitFileType = wrapper.application; includeInIndex = 0; path = VirtualTourist.app; sourceTree = BUILT_PRODUCTS_DIR; };
		9EE12D7625C83A9E005E0F16 /* AppDelegate.swift */ = {isa = PBXFileReference; lastKnownFileType = sourcecode.swift; path = AppDelegate.swift; sourceTree = "<group>"; };
		9EE12D7A25C83A9E005E0F16 /* TravelLocationsMapViewController.swift */ = {isa = PBXFileReference; lastKnownFileType = sourcecode.swift; path = TravelLocationsMapViewController.swift; sourceTree = "<group>"; };
		9EE12D7D25C83A9E005E0F16 /* Base */ = {isa = PBXFileReference; lastKnownFileType = file.storyboard; name = Base; path = Base.lproj/Main.storyboard; sourceTree = "<group>"; };
		9EE12D8025C83A9E005E0F16 /* VirtualTourist.xcdatamodel */ = {isa = PBXFileReference; lastKnownFileType = wrapper.xcdatamodel; path = VirtualTourist.xcdatamodel; sourceTree = "<group>"; };
		9EE12D8225C83AA1005E0F16 /* Assets.xcassets */ = {isa = PBXFileReference; lastKnownFileType = folder.assetcatalog; path = Assets.xcassets; sourceTree = "<group>"; };
		9EE12D8525C83AA1005E0F16 /* Base */ = {isa = PBXFileReference; lastKnownFileType = file.storyboard; name = Base; path = Base.lproj/LaunchScreen.storyboard; sourceTree = "<group>"; };
		9EE12D8725C83AA1005E0F16 /* Info.plist */ = {isa = PBXFileReference; lastKnownFileType = text.plist.xml; path = Info.plist; sourceTree = "<group>"; };
		9EE12D9325C840CB005E0F16 /* PhotoAlbumViewController.swift */ = {isa = PBXFileReference; lastKnownFileType = sourcecode.swift; path = PhotoAlbumViewController.swift; sourceTree = "<group>"; };
		9EE12D9C25C84FCE005E0F16 /* DataController.swift */ = {isa = PBXFileReference; lastKnownFileType = sourcecode.swift; path = DataController.swift; sourceTree = "<group>"; };
		9EE12DAB25C85C24005E0F16 /* FlickrClient.swift */ = {isa = PBXFileReference; lastKnownFileType = sourcecode.swift; path = FlickrClient.swift; sourceTree = "<group>"; };
		9EFAF47F25C95145000B5577 /* FlickrErrorResponse.swift */ = {isa = PBXFileReference; lastKnownFileType = sourcecode.swift; path = FlickrErrorResponse.swift; sourceTree = "<group>"; };
		9EFAF48625C95194000B5577 /* PhotoSearchResponse.swift */ = {isa = PBXFileReference; lastKnownFileType = sourcecode.swift; path = PhotoSearchResponse.swift; sourceTree = "<group>"; };
		9EFAF48925C9AE83000B5577 /* ParameterRequest.swift */ = {isa = PBXFileReference; lastKnownFileType = sourcecode.swift; path = ParameterRequest.swift; sourceTree = "<group>"; };
/* End PBXFileReference section */

/* Begin PBXFrameworksBuildPhase section */
		9EE12D7025C83A9E005E0F16 /* Frameworks */ = {
			isa = PBXFrameworksBuildPhase;
			buildActionMask = 2147483647;
			files = (
			);
			runOnlyForDeploymentPostprocessing = 0;
		};
/* End PBXFrameworksBuildPhase section */

/* Begin PBXGroup section */
		9E511EC225CC61FA002312DF /* Cell */ = {
			isa = PBXGroup;
			children = (
				9E511EBF25CC61F6002312DF /* FlickrPhotoCollectionViewCell.swift */,
			);
			path = Cell;
			sourceTree = "<group>";
		};
		9EE12D6A25C83A9E005E0F16 = {
			isa = PBXGroup;
			children = (
				9EE12D7525C83A9E005E0F16 /* VirtualTourist */,
				9EE12D7425C83A9E005E0F16 /* Products */,
			);
			sourceTree = "<group>";
		};
		9EE12D7425C83A9E005E0F16 /* Products */ = {
			isa = PBXGroup;
			children = (
				9EE12D7325C83A9E005E0F16 /* VirtualTourist.app */,
			);
			name = Products;
			sourceTree = "<group>";
		};
		9EE12D7525C83A9E005E0F16 /* VirtualTourist */ = {
			isa = PBXGroup;
			children = (
				9EE12D7625C83A9E005E0F16 /* AppDelegate.swift */,
				9EE12D9025C84047005E0F16 /* Controller */,
				9EE12D8E25C83E5C005E0F16 /* View */,
				9EE12D8725C83AA1005E0F16 /* Info.plist */,
				9EE12D9625C847BA005E0F16 /* Model */,
			);
			path = VirtualTourist;
			sourceTree = "<group>";
		};
		9EE12D8E25C83E5C005E0F16 /* View */ = {
			isa = PBXGroup;
			children = (
				9EE12D7C25C83A9E005E0F16 /* Main.storyboard */,
				9EE12D8225C83AA1005E0F16 /* Assets.xcassets */,
				9EE12D8425C83AA1005E0F16 /* LaunchScreen.storyboard */,
			);
			path = View;
			sourceTree = "<group>";
		};
		9EE12D9025C84047005E0F16 /* Controller */ = {
			isa = PBXGroup;
			children = (
				9EE12D7A25C83A9E005E0F16 /* TravelLocationsMapViewController.swift */,
				9EE12D9325C840CB005E0F16 /* PhotoAlbumViewController.swift */,
				9E511EC225CC61FA002312DF /* Cell */,
			);
			path = Controller;
			sourceTree = "<group>";
		};
		9EE12D9625C847BA005E0F16 /* Model */ = {
			isa = PBXGroup;
			children = (
				9EE12D7F25C83A9E005E0F16 /* VirtualTourist.xcdatamodeld */,
				9EE12D9C25C84FCE005E0F16 /* DataController.swift */,
				9E511EBB25CC4632002312DF /* Pin+Extension.swift */,
				9EFAF48225C9514F000B5577 /* Client */,
				9EFAF48425C95157000B5577 /* Response */,
				9EFAF48C25C9AE89000B5577 /* Request */,
			);
			path = Model;
			sourceTree = "<group>";
		};
		9EFAF48225C9514F000B5577 /* Client */ = {
			isa = PBXGroup;
			children = (
				9EE12DAB25C85C24005E0F16 /* FlickrClient.swift */,
			);
			path = Client;
			sourceTree = "<group>";
		};
		9EFAF48425C95157000B5577 /* Response */ = {
			isa = PBXGroup;
			children = (
				9EFAF47F25C95145000B5577 /* FlickrErrorResponse.swift */,
				9EFAF48625C95194000B5577 /* PhotoSearchResponse.swift */,
			);
			path = Response;
			sourceTree = "<group>";
		};
		9EFAF48C25C9AE89000B5577 /* Request */ = {
			isa = PBXGroup;
			children = (
				9EFAF48925C9AE83000B5577 /* ParameterRequest.swift */,
			);
			path = Request;
			sourceTree = "<group>";
		};
/* End PBXGroup section */

/* Begin PBXNativeTarget section */
		9EE12D7225C83A9E005E0F16 /* VirtualTourist */ = {
			isa = PBXNativeTarget;
			buildConfigurationList = 9EE12D8A25C83AA1005E0F16 /* Build configuration list for PBXNativeTarget "VirtualTourist" */;
			buildPhases = (
				9EE12D6F25C83A9E005E0F16 /* Sources */,
				9EE12D7025C83A9E005E0F16 /* Frameworks */,
				9EE12D7125C83A9E005E0F16 /* Resources */,
			);
			buildRules = (
			);
			dependencies = (
			);
			name = VirtualTourist;
			productName = VirtualTourist;
			productReference = 9EE12D7325C83A9E005E0F16 /* VirtualTourist.app */;
			productType = "com.apple.product-type.application";
		};
/* End PBXNativeTarget section */

/* Begin PBXProject section */
		9EE12D6B25C83A9E005E0F16 /* Project object */ = {
			isa = PBXProject;
			attributes = {
				LastSwiftUpdateCheck = 1220;
				LastUpgradeCheck = 1220;
				TargetAttributes = {
					9EE12D7225C83A9E005E0F16 = {
						CreatedOnToolsVersion = 12.2;
					};
				};
			};
			buildConfigurationList = 9EE12D6E25C83A9E005E0F16 /* Build configuration list for PBXProject "VirtualTourist" */;
			compatibilityVersion = "Xcode 9.3";
			developmentRegion = en;
			hasScannedForEncodings = 0;
			knownRegions = (
				en,
				Base,
			);
			mainGroup = 9EE12D6A25C83A9E005E0F16;
			productRefGroup = 9EE12D7425C83A9E005E0F16 /* Products */;
			projectDirPath = "";
			projectRoot = "";
			targets = (
				9EE12D7225C83A9E005E0F16 /* VirtualTourist */,
			);
		};
/* End PBXProject section */

/* Begin PBXResourcesBuildPhase section */
		9EE12D7125C83A9E005E0F16 /* Resources */ = {
			isa = PBXResourcesBuildPhase;
			buildActionMask = 2147483647;
			files = (
				9EE12D8625C83AA1005E0F16 /* LaunchScreen.storyboard in Resources */,
				9EE12D8325C83AA1005E0F16 /* Assets.xcassets in Resources */,
				9EE12D7E25C83A9E005E0F16 /* Main.storyboard in Resources */,
			);
			runOnlyForDeploymentPostprocessing = 0;
		};
/* End PBXResourcesBuildPhase section */

/* Begin PBXSourcesBuildPhase section */
		9EE12D6F25C83A9E005E0F16 /* Sources */ = {
			isa = PBXSourcesBuildPhase;
			buildActionMask = 2147483647;
			files = (
				9EE12D9D25C84FCE005E0F16 /* DataController.swift in Sources */,
				9EE12D8125C83A9E005E0F16 /* VirtualTourist.xcdatamodeld in Sources */,
				9EE12D7B25C83A9E005E0F16 /* TravelLocationsMapViewController.swift in Sources */,
				9EFAF48725C95194000B5577 /* PhotoSearchResponse.swift in Sources */,
				9EFAF48A25C9AE83000B5577 /* ParameterRequest.swift in Sources */,
				9EFAF48025C95145000B5577 /* FlickrErrorResponse.swift in Sources */,
				9EE12D7725C83A9E005E0F16 /* AppDelegate.swift in Sources */,
				9EE12D9425C840CB005E0F16 /* PhotoAlbumViewController.swift in Sources */,
				9EE12DAC25C85C24005E0F16 /* FlickrClient.swift in Sources */,
				9E511EC025CC61F6002312DF /* FlickrPhotoCollectionViewCell.swift in Sources */,
				9E511EBC25CC4632002312DF /* Pin+Extension.swift in Sources */,
			);
			runOnlyForDeploymentPostprocessing = 0;
		};
/* End PBXSourcesBuildPhase section */

/* Begin PBXVariantGroup section */
		9EE12D7C25C83A9E005E0F16 /* Main.storyboard */ = {
			isa = PBXVariantGroup;
			children = (
				9EE12D7D25C83A9E005E0F16 /* Base */,
			);
			name = Main.storyboard;
			sourceTree = "<group>";
		};
		9EE12D8425C83AA1005E0F16 /* LaunchScreen.storyboard */ = {
			isa = PBXVariantGroup;
			children = (
				9EE12D8525C83AA1005E0F16 /* Base */,
			);
			name = LaunchScreen.storyboard;
			sourceTree = "<group>";
		};
/* End PBXVariantGroup section */

/* Begin XCBuildConfiguration section */
		9EE12D8825C83AA1005E0F16 /* Debug */ = {
			isa = XCBuildConfiguration;
			buildSettings = {
				ALWAYS_SEARCH_USER_PATHS = NO;
				CLANG_ANALYZER_NONNULL = YES;
				CLANG_ANALYZER_NUMBER_OBJECT_CONVERSION = YES_AGGRESSIVE;
				CLANG_CXX_LANGUAGE_STANDARD = "gnu++14";
				CLANG_CXX_LIBRARY = "libc++";
				CLANG_ENABLE_MODULES = YES;
				CLANG_ENABLE_OBJC_ARC = YES;
				CLANG_ENABLE_OBJC_WEAK = YES;
				CLANG_WARN_BLOCK_CAPTURE_AUTORELEASING = YES;
				CLANG_WARN_BOOL_CONVERSION = YES;
				CLANG_WARN_COMMA = YES;
				CLANG_WARN_CONSTANT_CONVERSION = YES;
				CLANG_WARN_DEPRECATED_OBJC_IMPLEMENTATIONS = YES;
				CLANG_WARN_DIRECT_OBJC_ISA_USAGE = YES_ERROR;
				CLANG_WARN_DOCUMENTATION_COMMENTS = YES;
				CLANG_WARN_EMPTY_BODY = YES;
				CLANG_WARN_ENUM_CONVERSION = YES;
				CLANG_WARN_INFINITE_RECURSION = YES;
				CLANG_WARN_INT_CONVERSION = YES;
				CLANG_WARN_NON_LITERAL_NULL_CONVERSION = YES;
				CLANG_WARN_OBJC_IMPLICIT_RETAIN_SELF = YES;
				CLANG_WARN_OBJC_LITERAL_CONVERSION = YES;
				CLANG_WARN_OBJC_ROOT_CLASS = YES_ERROR;
				CLANG_WARN_QUOTED_INCLUDE_IN_FRAMEWORK_HEADER = YES;
				CLANG_WARN_RANGE_LOOP_ANALYSIS = YES;
				CLANG_WARN_STRICT_PROTOTYPES = YES;
				CLANG_WARN_SUSPICIOUS_MOVE = YES;
				CLANG_WARN_UNGUARDED_AVAILABILITY = YES_AGGRESSIVE;
				CLANG_WARN_UNREACHABLE_CODE = YES;
				CLANG_WARN__DUPLICATE_METHOD_MATCH = YES;
				COPY_PHASE_STRIP = NO;
				DEBUG_INFORMATION_FORMAT = dwarf;
				ENABLE_STRICT_OBJC_MSGSEND = YES;
				ENABLE_TESTABILITY = YES;
				GCC_C_LANGUAGE_STANDARD = gnu11;
				GCC_DYNAMIC_NO_PIC = NO;
				GCC_NO_COMMON_BLOCKS = YES;
				GCC_OPTIMIZATION_LEVEL = 0;
				GCC_PREPROCESSOR_DEFINITIONS = (
					"DEBUG=1",
					"$(inherited)",
				);
				GCC_WARN_64_TO_32_BIT_CONVERSION = YES;
				GCC_WARN_ABOUT_RETURN_TYPE = YES_ERROR;
				GCC_WARN_UNDECLARED_SELECTOR = YES;
				GCC_WARN_UNINITIALIZED_AUTOS = YES_AGGRESSIVE;
				GCC_WARN_UNUSED_FUNCTION = YES;
				GCC_WARN_UNUSED_VARIABLE = YES;
				IPHONEOS_DEPLOYMENT_TARGET = 14.2;
				MTL_ENABLE_DEBUG_INFO = INCLUDE_SOURCE;
				MTL_FAST_MATH = YES;
				ONLY_ACTIVE_ARCH = YES;
				SDKROOT = iphoneos;
				SWIFT_ACTIVE_COMPILATION_CONDITIONS = DEBUG;
				SWIFT_OPTIMIZATION_LEVEL = "-Onone";
			};
			name = Debug;
		};
		9EE12D8925C83AA1005E0F16 /* Release */ = {
			isa = XCBuildConfiguration;
			buildSettings = {
				ALWAYS_SEARCH_USER_PATHS = NO;
				CLANG_ANALYZER_NONNULL = YES;
				CLANG_ANALYZER_NUMBER_OBJECT_CONVERSION = YES_AGGRESSIVE;
				CLANG_CXX_LANGUAGE_STANDARD = "gnu++14";
				CLANG_CXX_LIBRARY = "libc++";
				CLANG_ENABLE_MODULES = YES;
				CLANG_ENABLE_OBJC_ARC = YES;
				CLANG_ENABLE_OBJC_WEAK = YES;
				CLANG_WARN_BLOCK_CAPTURE_AUTORELEASING = YES;
				CLANG_WARN_BOOL_CONVERSION = YES;
				CLANG_WARN_COMMA = YES;
				CLANG_WARN_CONSTANT_CONVERSION = YES;
				CLANG_WARN_DEPRECATED_OBJC_IMPLEMENTATIONS = YES;
				CLANG_WARN_DIRECT_OBJC_ISA_USAGE = YES_ERROR;
				CLANG_WARN_DOCUMENTATION_COMMENTS = YES;
				CLANG_WARN_EMPTY_BODY = YES;
				CLANG_WARN_ENUM_CONVERSION = YES;
				CLANG_WARN_INFINITE_RECURSION = YES;
				CLANG_WARN_INT_CONVERSION = YES;
				CLANG_WARN_NON_LITERAL_NULL_CONVERSION = YES;
				CLANG_WARN_OBJC_IMPLICIT_RETAIN_SELF = YES;
				CLANG_WARN_OBJC_LITERAL_CONVERSION = YES;
				CLANG_WARN_OBJC_ROOT_CLASS = YES_ERROR;
				CLANG_WARN_QUOTED_INCLUDE_IN_FRAMEWORK_HEADER = YES;
				CLANG_WARN_RANGE_LOOP_ANALYSIS = YES;
				CLANG_WARN_STRICT_PROTOTYPES = YES;
				CLANG_WARN_SUSPICIOUS_MOVE = YES;
				CLANG_WARN_UNGUARDED_AVAILABILITY = YES_AGGRESSIVE;
				CLANG_WARN_UNREACHABLE_CODE = YES;
				CLANG_WARN__DUPLICATE_METHOD_MATCH = YES;
				COPY_PHASE_STRIP = NO;
				DEBUG_INFORMATION_FORMAT = "dwarf-with-dsym";
				ENABLE_NS_ASSERTIONS = NO;
				ENABLE_STRICT_OBJC_MSGSEND = YES;
				GCC_C_LANGUAGE_STANDARD = gnu11;
				GCC_NO_COMMON_BLOCKS = YES;
				GCC_WARN_64_TO_32_BIT_CONVERSION = YES;
				GCC_WARN_ABOUT_RETURN_TYPE = YES_ERROR;
				GCC_WARN_UNDECLARED_SELECTOR = YES;
				GCC_WARN_UNINITIALIZED_AUTOS = YES_AGGRESSIVE;
				GCC_WARN_UNUSED_FUNCTION = YES;
				GCC_WARN_UNUSED_VARIABLE = YES;
				IPHONEOS_DEPLOYMENT_TARGET = 14.2;
				MTL_ENABLE_DEBUG_INFO = NO;
				MTL_FAST_MATH = YES;
				SDKROOT = iphoneos;
				SWIFT_COMPILATION_MODE = wholemodule;
				SWIFT_OPTIMIZATION_LEVEL = "-O";
				VALIDATE_PRODUCT = YES;
			};
			name = Release;
		};
		9EE12D8B25C83AA1005E0F16 /* Debug */ = {
			isa = XCBuildConfiguration;
			buildSettings = {
				ASSETCATALOG_COMPILER_APPICON_NAME = AppIcon;
				ASSETCATALOG_COMPILER_GLOBAL_ACCENT_COLOR_NAME = AccentColor;
				CODE_SIGN_STYLE = Automatic;
				DEVELOPMENT_TEAM = V7SVWD59T3;
				INFOPLIST_FILE = VirtualTourist/Info.plist;
				LD_RUNPATH_SEARCH_PATHS = (
					"$(inherited)",
					"@executable_path/Frameworks",
				);
				PRODUCT_BUNDLE_IDENTIFIER = com.nangsaw.VirtualTourist;
				PRODUCT_NAME = "$(TARGET_NAME)";
				SWIFT_VERSION = 5.0;
				TARGETED_DEVICE_FAMILY = "1,2";
			};
			name = Debug;
		};
		9EE12D8C25C83AA1005E0F16 /* Release */ = {
			isa = XCBuildConfiguration;
			buildSettings = {
				ASSETCATALOG_COMPILER_APPICON_NAME = AppIcon;
				ASSETCATALOG_COMPILER_GLOBAL_ACCENT_COLOR_NAME = AccentColor;
				CODE_SIGN_STYLE = Automatic;
				DEVELOPMENT_TEAM = V7SVWD59T3;
				INFOPLIST_FILE = VirtualTourist/Info.plist;
				LD_RUNPATH_SEARCH_PATHS = (
					"$(inherited)",
					"@executable_path/Frameworks",
				);
				PRODUCT_BUNDLE_IDENTIFIER = com.nangsaw.VirtualTourist;
				PRODUCT_NAME = "$(TARGET_NAME)";
				SWIFT_VERSION = 5.0;
				TARGETED_DEVICE_FAMILY = "1,2";
			};
			name = Release;
		};
/* End XCBuildConfiguration section */

/* Begin XCConfigurationList section */
		9EE12D6E25C83A9E005E0F16 /* Build configuration list for PBXProject "VirtualTourist" */ = {
			isa = XCConfigurationList;
			buildConfigurations = (
				9EE12D8825C83AA1005E0F16 /* Debug */,
				9EE12D8925C83AA1005E0F16 /* Release */,
			);
			defaultConfigurationIsVisible = 0;
			defaultConfigurationName = Release;
		};
		9EE12D8A25C83AA1005E0F16 /* Build configuration list for PBXNativeTarget "VirtualTourist" */ = {
			isa = XCConfigurationList;
			buildConfigurations = (
				9EE12D8B25C83AA1005E0F16 /* Debug */,
				9EE12D8C25C83AA1005E0F16 /* Release */,
			);
			defaultConfigurationIsVisible = 0;
			defaultConfigurationName = Release;
		};
/* End XCConfigurationList section */

/* Begin XCVersionGroup section */
		9EE12D7F25C83A9E005E0F16 /* VirtualTourist.xcdatamodeld */ = {
			isa = XCVersionGroup;
			children = (
				9EE12D8025C83A9E005E0F16 /* VirtualTourist.xcdatamodel */,
			);
			currentVersion = 9EE12D8025C83A9E005E0F16 /* VirtualTourist.xcdatamodel */;
			path = VirtualTourist.xcdatamodeld;
			sourceTree = "<group>";
			versionGroupType = wrapper.xcdatamodel;
		};
/* End XCVersionGroup section */
	};
	rootObject = 9EE12D6B25C83A9E005E0F16 /* Project object */;
}
